
Microsoft Visual Studio Solution File, Format Version 12.00
# Visual Studio Version 17
VisualStudioVersion = 17.4.33403.182
MinimumVisualStudioVersion = 10.0.40219.1
Project("{FAE04EC0-301F-11D3-BF4B-00C04F79EFBC}") = "MarcoEKarol", "MarcoEKarol\MarcoEKarol.csproj", "{0A3AB394-B699-497D-B19C-706A0A39022D}"
EndProject
Global
	GlobalSection(SolutionConfigurationPlatforms) = preSolution
		Debug|Any CPU = Debug|Any CPU
		Release|Any CPU = Release|Any CPU
	EndGlobalSection
	GlobalSection(ProjectConfigurationPlatforms) = postSolution
		{0A3AB394-B699-497D-B19C-706A0A39022D}.Debug|Any CPU.ActiveCfg = Debug|Any CPU
		{0A3AB394-B699-497D-B19C-706A0A39022D}.Debug|Any CPU.Build.0 = Debug|Any CPU
		{0A3AB394-B699-497D-B19C-706A0A39022D}.Release|Any CPU.ActiveCfg = Release|Any CPU
		{0A3AB394-B699-497D-B19C-706A0A39022D}.Release|Any CPU.Build.0 = Release|Any CPU
	EndGlobalSection
	GlobalSection(SolutionProperties) = preSolution
		HideSolutionNode = FALSE
	EndGlobalSection
	GlobalSection(ExtensibilityGlobals) = postSolution
		SolutionGuid = {987A3337-2F4A-44D6-B737-B5BA3B808289}
	EndGlobalSection
EndGlobal
